
Microsoft Visual Studio Solution File, Format Version 12.00
# Visual Studio Version 18
VisualStudioVersion = 18.3.11505.172
MinimumVisualStudioVersion = 10.0.40219.1
Project("{9A19103F-16F7-4668-BE54-9A1E7A4F7556}") = "Test", "Test\Test.csproj", "{582E00A2-4FA4-41DC-84AD-EE264A9FF4D8}"
EndProject
Project("{9A19103F-16F7-4668-BE54-9A1E7A4F7556}") = "XUnitTest", "XUnitTest\XUnitTest.csproj", "{08A39462-0531-45AB-ACBB-03F62AF4400F}"
EndProject
Project("{2150E333-8FDC-42A3-9474-1A3956D46DE8}") = "Solution Items", "Solution Items", "{719C113A-6804-4150-8473-BF889F06DFD6}"
	ProjectSection(SolutionItems) = preProject
		.editorconfig = .editorconfig
		.github\workflows\publish-beta.yml = .github\workflows\publish-beta.yml
		.github\workflows\publish.yml = .github\workflows\publish.yml
		README.md = README.md
		Doc\SQL函数支持清单.md = Doc\SQL函数支持清单.md
		.github\workflows\test.yml = .github\workflows\test.yml
		Doc\开发计划.md = Doc\开发计划.md
		Doc\架构设计文档.md = Doc\架构设计文档.md
		Doc\模块清单.md = Doc\模块清单.md
		Doc\竞品分析.md = Doc\竞品分析.md
		Doc\需求规格说明书.md = Doc\需求规格说明书.md
	EndProjectSection
EndProject
Project("{9A19103F-16F7-4668-BE54-9A1E7A4F7556}") = "NewLife.NovaDb", "NewLife.NovaDb\NewLife.NovaDb.csproj", "{9C7D96F5-136F-4FBD-8D58-18105263D041}"
EndProject
Project("{FAE04EC0-301F-11D3-BF4B-00C04F79EFBC}") = "NewLife.NovaServer", "NewLife.NovaServer\NewLife.NovaServer.csproj", "{42F0BD22-B543-DBFA-CBB4-750D1E00638B}"
EndProject
Project("{FAE04EC0-301F-11D3-BF4B-00C04F79EFBC}") = "Benchmark", "Benchmark\Benchmark.csproj", "{9753FD97-F200-42DA-AA78-96E38C253262}"
EndProject
Global
	GlobalSection(SolutionConfigurationPlatforms) = preSolution
		Debug|Any CPU = Debug|Any CPU
		Debug|x64 = Debug|x64
		Debug|x86 = Debug|x86
		Release|Any CPU = Release|Any CPU
		Release|x64 = Release|x64
		Release|x86 = Release|x86
	EndGlobalSection
	GlobalSection(ProjectConfigurationPlatforms) = postSolution
		{582E00A2-4FA4-41DC-84AD-EE264A9FF4D8}.Debug|Any CPU.ActiveCfg = Debug|Any CPU
		{582E00A2-4FA4-41DC-84AD-EE264A9FF4D8}.Debug|Any CPU.Build.0 = Debug|Any CPU
		{582E00A2-4FA4-41DC-84AD-EE264A9FF4D8}.Debug|x64.ActiveCfg = Debug|Any CPU
		{582E00A2-4FA4-41DC-84AD-EE264A9FF4D8}.Debug|x64.Build.0 = Debug|Any CPU
		{582E00A2-4FA4-41DC-84AD-EE264A9FF4D8}.Debug|x86.ActiveCfg = Debug|Any CPU
		{582E00A2-4FA4-41DC-84AD-EE264A9FF4D8}.Debug|x86.Build.0 = Debug|Any CPU
		{582E00A2-4FA4-41DC-84AD-EE264A9FF4D8}.Release|Any CPU.ActiveCfg = Release|Any CPU
		{582E00A2-4FA4-41DC-84AD-EE264A9FF4D8}.Release|Any CPU.Build.0 = Release|Any CPU
		{582E00A2-4FA4-41DC-84AD-EE264A9FF4D8}.Release|x64.ActiveCfg = Release|Any CPU
		{582E00A2-4FA4-41DC-84AD-EE264A9FF4D8}.Release|x64.Build.0 = Release|Any CPU
		{582E00A2-4FA4-41DC-84AD-EE264A9FF4D8}.Release|x86.ActiveCfg = Release|Any CPU
		{582E00A2-4FA4-41DC-84AD-EE264A9FF4D8}.Release|x86.Build.0 = Release|Any CPU
		{08A39462-0531-45AB-ACBB-03F62AF4400F}.Debug|Any CPU.ActiveCfg = Debug|Any CPU
		{08A39462-0531-45AB-ACBB-03F62AF4400F}.Debug|Any CPU.Build.0 = Debug|Any CPU
		{08A39462-0531-45AB-ACBB-03F62AF4400F}.Debug|x64.ActiveCfg = Debug|Any CPU
		{08A39462-0531-45AB-ACBB-03F62AF4400F}.Debug|x64.Build.0 = Debug|Any CPU
		{08A39462-0531-45AB-ACBB-03F62AF4400F}.Debug|x86.ActiveCfg = Debug|Any CPU
		{08A39462-0531-45AB-ACBB-03F62AF4400F}.Debug|x86.Build.0 = Debug|Any CPU
		{08A39462-0531-45AB-ACBB-03F62AF4400F}.Release|Any CPU.ActiveCfg = Release|Any CPU
		{08A39462-0531-45AB-ACBB-03F62AF4400F}.Release|Any CPU.Build.0 = Release|Any CPU
		{08A39462-0531-45AB-ACBB-03F62AF4400F}.Release|x64.ActiveCfg = Release|Any CPU
		{08A39462-0531-45AB-ACBB-03F62AF4400F}.Release|x64.Build.0 = Release|Any CPU
		{08A39462-0531-45AB-ACBB-03F62AF4400F}.Release|x86.ActiveCfg = Release|Any CPU
		{08A39462-0531-45AB-ACBB-03F62AF4400F}.Release|x86.Build.0 = Release|Any CPU
		{9C7D96F5-136F-4FBD-8D58-18105263D041}.Debug|Any CPU.ActiveCfg = Debug|Any CPU
		{9C7D96F5-136F-4FBD-8D58-18105263D041}.Debug|Any CPU.Build.0 = Debug|Any CPU
		{9C7D96F5-136F-4FBD-8D58-18105263D041}.Debug|x64.ActiveCfg = Debug|Any CPU
		{9C7D96F5-136F-4FBD-8D58-18105263D041}.Debug|x64.Build.0 = Debug|Any CPU
		{9C7D96F5-136F-4FBD-8D58-18105263D041}.Debug|x86.ActiveCfg = Debug|Any CPU
		{9C7D96F5-136F-4FBD-8D58-18105263D041}.Debug|x86.Build.0 = Debug|Any CPU
		{9C7D96F5-136F-4FBD-8D58-18105263D041}.Release|Any CPU.ActiveCfg = Release|Any CPU
		{9C7D96F5-136F-4FBD-8D58-18105263D041}.Release|Any CPU.Build.0 = Release|Any CPU
		{9C7D96F5-136F-4FBD-8D58-18105263D041}.Release|x64.ActiveCfg = Release|Any CPU
		{9C7D96F5-136F-4FBD-8D58-18105263D041}.Release|x64.Build.0 = Release|Any CPU
		{9C7D96F5-136F-4FBD-8D58-18105263D041}.Release|x86.ActiveCfg = Release|Any CPU
		{9C7D96F5-136F-4FBD-8D58-18105263D041}.Release|x86.Build.0 = Release|Any CPU
		{42F0BD22-B543-DBFA-CBB4-750D1E00638B}.Debug|Any CPU.ActiveCfg = Debug|Any CPU
		{42F0BD22-B543-DBFA-CBB4-750D1E00638B}.Debug|Any CPU.Build.0 = Debug|Any CPU
		{42F0BD22-B543-DBFA-CBB4-750D1E00638B}.Debug|x64.ActiveCfg = Debug|Any CPU
		{42F0BD22-B543-DBFA-CBB4-750D1E00638B}.Debug|x64.Build.0 = Debug|Any CPU
		{42F0BD22-B543-DBFA-CBB4-750D1E00638B}.Debug|x86.ActiveCfg = Debug|Any CPU
		{42F0BD22-B543-DBFA-CBB4-750D1E00638B}.Debug|x86.Build.0 = Debug|Any CPU
		{42F0BD22-B543-DBFA-CBB4-750D1E00638B}.Release|Any CPU.ActiveCfg = Release|Any CPU
		{42F0BD22-B543-DBFA-CBB4-750D1E00638B}.Release|Any CPU.Build.0 = Release|Any CPU
		{42F0BD22-B543-DBFA-CBB4-750D1E00638B}.Release|x64.ActiveCfg = Release|Any CPU
		{42F0BD22-B543-DBFA-CBB4-750D1E00638B}.Release|x64.Build.0 = Release|Any CPU
		{42F0BD22-B543-DBFA-CBB4-750D1E00638B}.Release|x86.ActiveCfg = Release|Any CPU
		{42F0BD22-B543-DBFA-CBB4-750D1E00638B}.Release|x86.Build.0 = Release|Any CPU
		{9753FD97-F200-42DA-AA78-96E38C253262}.Debug|Any CPU.ActiveCfg = Debug|Any CPU
		{9753FD97-F200-42DA-AA78-96E38C253262}.Debug|Any CPU.Build.0 = Debug|Any CPU
		{9753FD97-F200-42DA-AA78-96E38C253262}.Debug|x64.ActiveCfg = Debug|Any CPU
		{9753FD97-F200-42DA-AA78-96E38C253262}.Debug|x64.Build.0 = Debug|Any CPU
		{9753FD97-F200-42DA-AA78-96E38C253262}.Debug|x86.ActiveCfg = Debug|Any CPU
		{9753FD97-F200-42DA-AA78-96E38C253262}.Debug|x86.Build.0 = Debug|Any CPU
		{9753FD97-F200-42DA-AA78-96E38C253262}.Release|Any CPU.ActiveCfg = Release|Any CPU
		{9753FD97-F200-42DA-AA78-96E38C253262}.Release|Any CPU.Build.0 = Release|Any CPU
		{9753FD97-F200-42DA-AA78-96E38C253262}.Release|x64.ActiveCfg = Release|Any CPU
		{9753FD97-F200-42DA-AA78-96E38C253262}.Release|x64.Build.0 = Release|Any CPU
		{9753FD97-F200-42DA-AA78-96E38C253262}.Release|x86.ActiveCfg = Release|Any CPU
		{9753FD97-F200-42DA-AA78-96E38C253262}.Release|x86.Build.0 = Release|Any CPU
	EndGlobalSection
	GlobalSection(SolutionProperties) = preSolution
		HideSolutionNode = FALSE
	EndGlobalSection
	GlobalSection(ExtensibilityGlobals) = postSolution
		SolutionGuid = {323831A1-A95B-40AB-B9AD-36A0BC10C2CB}
	EndGlobalSection
EndGlobal
